{
  "nodes": {
    "chicken-box": {
      "inputs": {
        "flake-utils": [
          "flake-utils"
        ],
        "nixpkgs": [
          "nixpkgs"
        ],
        "systems": [
          "systems"
        ],
        "treefmt-nix": [
          "treefmt-nix"
        ]
      },
      "locked": {
        "lastModified": 1737187237,
        "narHash": "sha256-HbxBwYRkOtrI9hemrCD7yf5PRTYgd6ZMRXAY+JlzthE=",
        "rev": "3a82b1f09b3abf67462a62b84ed5690dadfed57b",
        "type": "tarball",
        "url": "https://git.ny4.dev/api/v1/repos/nyancat/chicken-box/archive/3a82b1f09b3abf67462a62b84ed5690dadfed57b.tar.gz"
      },
      "original": {
        "type": "tarball",
        "url": "https://git.ny4.dev/nyancat/chicken-box/archive/master.tar.gz"
      }
    },
    "colmena": {
      "inputs": {
        "flake-compat": [
          "flake-compat"
        ],
        "flake-utils": [
          "flake-utils"
        ],
        "nix-github-actions": [
          "nix-github-actions"
        ],
        "nixpkgs": [
          "nixpkgs"
        ],
        "stable": [
          "nixpkgs"
        ]
      },
      "locked": {
        "lastModified": 1739900653,
        "narHash": "sha256-hPSLvw6AZQYrZyGI6Uq4XgST7benF/0zcCpugn/P0yM=",
        "owner": "zhaofengli",
        "repo": "colmena",
        "rev": "2370d4336eda2a9ef29fce10fa7076ae011983ab",
        "type": "github"
      },
      "original": {
        "owner": "zhaofengli",
        "repo": "colmena",
        "type": "github"
      }
    },
    "crane": {
      "locked": {
        "lastModified": 1745022865,
        "narHash": "sha256-tXL4qUlyYZEGOHUKUWjmmcvJjjLQ+4U38lPWSc8Cgdo=",
        "owner": "ipetkov",
        "repo": "crane",
        "rev": "25ca4c50039d91ad88cc0b8feacb9ad7f748dedf",
        "type": "github"
      },
      "original": {
        "owner": "ipetkov",
        "repo": "crane",
        "type": "github"
      }
    },
    "danbooru_img_bot": {
      "inputs": {
        "flake-utils": [
          "flake-utils"
        ],
        "nixpkgs": [
          "nixpkgs"
        ],
        "treefmt-nix": [
          "treefmt-nix"
        ]
      },
      "locked": {
        "lastModified": 1734251653,
        "narHash": "sha256-e3IrENY8jx8/IfJJ58/FNX6NCEO1bmPgs/cTNiwT70I=",
        "rev": "f0d9f48ef51cb37fe64834bea42c42258756b72c",
        "type": "tarball",
        "url": "https://git.ny4.dev/api/v1/repos/nyancat/danbooru_img_bot/archive/f0d9f48ef51cb37fe64834bea42c42258756b72c.tar.gz"
      },
      "original": {
        "type": "tarball",
        "url": "https://git.ny4.dev/nyancat/danbooru_img_bot/archive/master.tar.gz"
      }
    },
    "disko": {
      "inputs": {
        "nixpkgs": [
          "nixpkgs"
        ]
      },
      "locked": {
        "lastModified": 1745369821,
        "narHash": "sha256-mi6cAjuBztm9gFfpiVo6mAn81cCID6nmDXh5Kmyjwyc=",
        "owner": "nix-community",
        "repo": "disko",
        "rev": "c5140c6079ff690e85eac0b86e254de16a79a4b7",
        "type": "github"
      },
      "original": {
        "owner": "nix-community",
        "repo": "disko",
        "type": "github"
      }
    },
    "flake-compat": {
      "locked": {
        "lastModified": 1733328505,
        "narHash": "sha256-NeCCThCEP3eCl2l/+27kNNK7QrwZB1IJCrXfrbv5oqU=",
        "owner": "edolstra",
        "repo": "flake-compat",
        "rev": "ff81ac966bb2cae68946d5ed5fc4994f96d0ffec",
        "type": "github"
      },
      "original": {
        "owner": "edolstra",
        "repo": "flake-compat",
        "type": "github"
      }
    },
    "flake-parts": {
      "inputs": {
        "nixpkgs-lib": [
          "nixpkgs"
        ]
      },
      "locked": {
        "lastModified": 1743550720,
        "narHash": "sha256-hIshGgKZCgWh6AYJpJmRgFdR3WUbkY04o82X05xqQiY=",
        "owner": "hercules-ci",
        "repo": "flake-parts",
        "rev": "c621e8422220273271f52058f618c94e405bb0f5",
        "type": "github"
      },
      "original": {
        "owner": "hercules-ci",
        "repo": "flake-parts",
        "type": "github"
      }
    },
    "flake-utils": {
      "inputs": {
        "systems": [
          "systems"
        ]
      },
      "locked": {
        "lastModified": 1731533236,
        "narHash": "sha256-l0KFg5HjrsfsO/JpG+r7fRrqm12kzFHyUHqHCVpMMbI=",
        "owner": "numtide",
        "repo": "flake-utils",
        "rev": "11707dc2f618dd54ca8739b309ec4fc024de578b",
        "type": "github"
      },
      "original": {
        "owner": "numtide",
        "repo": "flake-utils",
        "type": "github"
      }
    },
    "gitignore": {
      "inputs": {
        "nixpkgs": [
          "nixpkgs"
        ]
      },
      "locked": {
        "lastModified": 1709087332,
        "narHash": "sha256-HG2cCnktfHsKV0s4XW83gU3F57gaTljL9KNSuG6bnQs=",
        "owner": "hercules-ci",
        "repo": "gitignore.nix",
        "rev": "637db329424fd7e46cf4185293b9cc8c88c95394",
        "type": "github"
      },
      "original": {
        "owner": "hercules-ci",
        "repo": "gitignore.nix",
        "type": "github"
      }
    },
    "home-manager": {
      "inputs": {
        "nixpkgs": [
          "nixpkgs"
        ]
      },
      "locked": {
        "lastModified": 1745380081,
        "narHash": "sha256-bUy25YkdRfdWPxSyx22igWi6g3rd3HXKFg+yL4dfBPY=",
        "owner": "nix-community",
        "repo": "home-manager",
        "rev": "1d0e13904bd8c444ab1595f686ede5eff377e881",
        "type": "github"
      },
      "original": {
        "owner": "nix-community",
        "repo": "home-manager",
        "type": "github"
      }
    },
    "ip-checker": {
      "inputs": {
        "flake-utils": [
          "flake-utils"
        ],
        "nixpkgs": [
          "nixpkgs"
        ],
        "systems": [
          "systems"
        ],
        "treefmt-nix": [
          "treefmt-nix"
        ]
      },
      "locked": {
        "lastModified": 1737384684,
        "narHash": "sha256-3Cq7BaYuCCZeaEEufOGVNy5n2aeHMjd7SAI+5/uKPL4=",
        "rev": "ca380fa7ecfe1e6d6de60d84bb288570f8eb17ab",
        "type": "tarball",
        "url": "https://git.ny4.dev/api/v1/repos/nyancat/ip-checker/archive/ca380fa7ecfe1e6d6de60d84bb288570f8eb17ab.tar.gz"
      },
      "original": {
        "type": "tarball",
        "url": "https://git.ny4.dev/nyancat/ip-checker/archive/master.tar.gz"
      }
    },
    "lanzaboote": {
      "inputs": {
        "crane": [
          "crane"
        ],
        "flake-compat": [
          "flake-compat"
        ],
        "flake-parts": [
          "flake-parts"
        ],
        "nixpkgs": [
          "nixpkgs"
        ],
        "pre-commit-hooks-nix": [
          "pre-commit-hooks-nix"
        ],
        "rust-overlay": [
          "rust-overlay"
        ]
      },
      "locked": {
        "lastModified": 1745271491,
        "narHash": "sha256-4GAHjus6JRpYHVROMIhFIz/sgLDF/klBM3UHulbSK9s=",
        "owner": "nix-community",
        "repo": "lanzaboote",
        "rev": "995637eb3ab78eac33f8ee6b45cc2ecd5ede12ba",
        "type": "github"
      },
      "original": {
        "owner": "nix-community",
        "repo": "lanzaboote",
        "type": "github"
      }
    },
    "neovim": {
      "flake": false,
      "locked": {
        "lastModified": 1745049901,
        "narHash": "sha256-u68ti93HDOj6CMtVv+kL1T70ve6oUvzU8f+nFvSY3KE=",
        "rev": "ca84fe1542a3dc775c07e3189bea020db7a45e93",
        "type": "tarball",
        "url": "https://git.ny4.dev/api/v1/repos/nyancat/nvim/archive/ca84fe1542a3dc775c07e3189bea020db7a45e93.tar.gz"
      },
      "original": {
        "type": "tarball",
        "url": "https://git.ny4.dev/nyancat/nvim/archive/master.tar.gz"
      }
    },
    "nix-github-actions": {
      "inputs": {
        "nixpkgs": [
          "nixpkgs"
        ]
      },
      "locked": {
        "lastModified": 1737420293,
        "narHash": "sha256-F1G5ifvqTpJq7fdkT34e/Jy9VCyzd5XfJ9TO8fHhJWE=",
        "owner": "nix-community",
        "repo": "nix-github-actions",
        "rev": "f4158fa080ef4503c8f4c820967d946c2af31ec9",
        "type": "github"
      },
      "original": {
        "owner": "nix-community",
        "repo": "nix-github-actions",
        "type": "github"
      }
    },
    "nixos-hardware": {
      "locked": {
        "lastModified": 1745392233,
        "narHash": "sha256-xmqG4MZArM1JNxPJ33s0MtuBzgnaCO9laARoU3AfP8E=",
        "owner": "NixOS",
        "repo": "nixos-hardware",
        "rev": "8bf8a2a0822365bd8f44fd1a19d7ed0a1d629d64",
        "type": "github"
      },
      "original": {
        "owner": "NixOS",
        "repo": "nixos-hardware",
        "type": "github"
      }
    },
    "nixpkgs": {
      "locked": {
        "lastModified": 1745413245,
        "narHash": "sha256-f4B0oHD4pJAPWpfYWm0Pi41GsD3MjX8NfHP37Pzli4A=",
        "owner": "Guanran928",
        "repo": "nixpkgs",
        "rev": "1aac028e10bf454b3ee65bef67079d1ccdd02724",
        "type": "github"
      },
      "original": {
        "owner": "Guanran928",
        "repo": "nixpkgs",
        "type": "github"
      }
    },
    "pre-commit-hooks-nix": {
      "inputs": {
        "flake-compat": [
          "flake-compat"
        ],
        "gitignore": [
          "gitignore"
        ],
        "nixpkgs": [
          "nixpkgs"
        ]
      },
      "locked": {
        "lastModified": 1742649964,
        "narHash": "sha256-DwOTp7nvfi8mRfuL1escHDXabVXFGT1VlPD1JHrtrco=",
        "owner": "cachix",
        "repo": "git-hooks.nix",
        "rev": "dcf5072734cb576d2b0c59b2ac44f5050b5eac82",
        "type": "github"
      },
      "original": {
        "owner": "cachix",
        "repo": "git-hooks.nix",
        "type": "github"
      }
    },
    "preservation": {
      "locked": {
        "lastModified": 1738541138,
        "narHash": "sha256-isT+jR8P8UFh5PJDzGHYXqVEHEZa0D5WvT5kfMf14AM=",
        "owner": "WilliButz",
        "repo": "preservation",
        "rev": "2f16754f9f6b766c1429375ab7417dc81cc90a63",
        "type": "github"
      },
      "original": {
        "owner": "WilliButz",
        "repo": "preservation",
        "type": "github"
      }
    },
    "rdict": {
      "inputs": {
        "flake-utils": [
          "flake-utils"
        ],
        "nixpkgs": [
          "nixpkgs"
        ]
      },
      "locked": {
        "lastModified": 1745413069,
        "narHash": "sha256-cxMtRg6bgdQ02PH//wjWAlJGEg8Of+UNa1fVp7Mox5w=",
        "owner": "Guanran928",
        "repo": "rdict",
        "rev": "9ba6606db8c091402549114a16a284431c8e9a72",
        "type": "github"
      },
      "original": {
        "owner": "Guanran928",
        "repo": "rdict",
        "type": "github"
      }
    },
    "root": {
      "inputs": {
        "chicken-box": "chicken-box",
        "colmena": "colmena",
        "crane": "crane",
        "danbooru_img_bot": "danbooru_img_bot",
        "disko": "disko",
        "flake-compat": "flake-compat",
        "flake-parts": "flake-parts",
        "flake-utils": "flake-utils",
        "gitignore": "gitignore",
        "home-manager": "home-manager",
        "ip-checker": "ip-checker",
        "lanzaboote": "lanzaboote",
        "neovim": "neovim",
        "nix-github-actions": "nix-github-actions",
        "nixos-hardware": "nixos-hardware",
        "nixpkgs": "nixpkgs",
        "pre-commit-hooks-nix": "pre-commit-hooks-nix",
        "preservation": "preservation",
        "rdict": "rdict",
        "rust-overlay": "rust-overlay",
        "sops-nix": "sops-nix",
        "systems": "systems",
        "treefmt-nix": "treefmt-nix"
      }
    },
    "rust-overlay": {
      "inputs": {
        "nixpkgs": [
          "nixpkgs"
        ]
      },
      "locked": {
        "lastModified": 1745375696,
        "narHash": "sha256-zFRCHNRJ1Ei8GD3iP+wcedkJzLo84OO7JEu/gmhSllU=",
        "owner": "oxalica",
        "repo": "rust-overlay",
        "rev": "19d1b5002d43c019880dd5cc0f8420efd20d5faf",
        "type": "github"
      },
      "original": {
        "owner": "oxalica",
        "repo": "rust-overlay",
        "type": "github"
      }
    },
    "sops-nix": {
      "inputs": {
        "nixpkgs": [
          "nixpkgs"
        ]
      },
      "locked": {
        "lastModified": 1745310711,
        "narHash": "sha256-ePyTpKEJTgX0gvgNQWd7tQYQ3glIkbqcW778RpHlqgA=",
        "owner": "Mic92",
        "repo": "sops-nix",
        "rev": "5e3e92b16d6fdf9923425a8d4df7496b2434f39c",
        "type": "github"
      },
      "original": {
        "owner": "Mic92",
        "repo": "sops-nix",
        "type": "github"
      }
    },
    "systems": {
      "locked": {
        "lastModified": 1681028828,
        "narHash": "sha256-Vy1rq5AaRuLzOxct8nz4T6wlgyUR7zLU309k9mBC768=",
        "owner": "nix-systems",
        "repo": "default",
        "rev": "da67096a3b9bf56a91d16901293e51ba5b49a27e",
        "type": "github"
      },
      "original": {
        "owner": "nix-systems",
        "repo": "default",
        "type": "github"
      }
    },
    "treefmt-nix": {
      "inputs": {
        "nixpkgs": [
          "nixpkgs"
        ]
      },
      "locked": {
        "lastModified": 1744961264,
        "narHash": "sha256-aRmUh0AMwcbdjJHnytg1e5h5ECcaWtIFQa6d9gI85AI=",
        "owner": "numtide",
        "repo": "treefmt-nix",
        "rev": "8d404a69efe76146368885110f29a2ca3700bee6",
        "type": "github"
      },
      "original": {
        "owner": "numtide",
        "repo": "treefmt-nix",
        "type": "github"
      }
    }
  },
  "root": "root",
  "version": 7
}
